
Microsoft Visual Studio Solution File, Format Version 12.00
Project("{2150E333-8FDC-42A3-9474-1A3956D46DE8}") = "backend", "backend", "{1AE8ACA6-933B-BF2A-3671-3E2EAC007D16}"
EndProject
Project("{FAE04EC0-301F-11D3-BF4B-00C04F79EFBC}") = "MyProperty.Api", "backend\MyProperty.Api\MyProperty.Api.csproj", "{F3408FC4-7104-4639-B603-93E2B21164C9}"
EndProject
Project("{FAE04EC0-301F-11D3-BF4B-00C04F79EFBC}") = "MyProperty.Application", "backend\MyProperty.Application\MyProperty.Application.csproj", "{EE136E9A-6781-4F27-A41E-793AF0BC52CC}"
EndProject
Project("{FAE04EC0-301F-11D3-BF4B-00C04F79EFBC}") = "MyProperty.Domain", "backend\MyProperty.Domain\MyProperty.Domain.csproj", "{B633979E-B75F-4182-97F6-C2737A27822A}"
EndProject
Project("{FAE04EC0-301F-11D3-BF4B-00C04F79EFBC}") = "MyProperty.Infrastructure", "backend\MyProperty.Infrastructure\MyProperty.Infrastructure.csproj", "{9820E0EF-8841-49B1-8D89-5910C677B4E4}"
EndProject
Global
	GlobalSection(SolutionConfigurationPlatforms) = preSolution
		Debug|Any CPU = Debug|Any CPU
		Debug|x64 = Debug|x64
		Debug|x86 = Debug|x86
		Release|Any CPU = Release|Any CPU
		Release|x64 = Release|x64
		Release|x86 = Release|x86
	EndGlobalSection
	GlobalSection(ProjectConfigurationPlatforms) = postSolution
		{F3408FC4-7104-4639-B603-93E2B21164C9}.Debug|Any CPU.ActiveCfg = Debug|Any CPU
		{F3408FC4-7104-4639-B603-93E2B21164C9}.Debug|Any CPU.Build.0 = Debug|Any CPU
		{F3408FC4-7104-4639-B603-93E2B21164C9}.Debug|x64.ActiveCfg = Debug|Any CPU
		{F3408FC4-7104-4639-B603-93E2B21164C9}.Debug|x64.Build.0 = Debug|Any CPU
		{F3408FC4-7104-4639-B603-93E2B21164C9}.Debug|x86.ActiveCfg = Debug|Any CPU
		{F3408FC4-7104-4639-B603-93E2B21164C9}.Debug|x86.Build.0 = Debug|Any CPU
		{F3408FC4-7104-4639-B603-93E2B21164C9}.Release|Any CPU.ActiveCfg = Release|Any CPU
		{F3408FC4-7104-4639-B603-93E2B21164C9}.Release|Any CPU.Build.0 = Release|Any CPU
		{F3408FC4-7104-4639-B603-93E2B21164C9}.Release|x64.ActiveCfg = Release|Any CPU
		{F3408FC4-7104-4639-B603-93E2B21164C9}.Release|x64.Build.0 = Release|Any CPU
		{F3408FC4-7104-4639-B603-93E2B21164C9}.Release|x86.ActiveCfg = Release|Any CPU
		{F3408FC4-7104-4639-B603-93E2B21164C9}.Release|x86.Build.0 = Release|Any CPU
		{EE136E9A-6781-4F27-A41E-793AF0BC52CC}.Debug|Any CPU.ActiveCfg = Debug|Any CPU
		{EE136E9A-6781-4F27-A41E-793AF0BC52CC}.Debug|Any CPU.Build.0 = Debug|Any CPU
		{EE136E9A-6781-4F27-A41E-793AF0BC52CC}.Debug|x64.ActiveCfg = Debug|Any CPU
		{EE136E9A-6781-4F27-A41E-793AF0BC52CC}.Debug|x64.Build.0 = Debug|Any CPU
		{EE136E9A-6781-4F27-A41E-793AF0BC52CC}.Debug|x86.ActiveCfg = Debug|Any CPU
		{EE136E9A-6781-4F27-A41E-793AF0BC52CC}.Debug|x86.Build.0 = Debug|Any CPU
		{EE136E9A-6781-4F27-A41E-793AF0BC52CC}.Release|Any CPU.ActiveCfg = Release|Any CPU
		{EE136E9A-6781-4F27-A41E-793AF0BC52CC}.Release|Any CPU.Build.0 = Release|Any CPU
		{EE136E9A-6781-4F27-A41E-793AF0BC52CC}.Release|x64.ActiveCfg = Release|Any CPU
		{EE136E9A-6781-4F27-A41E-793AF0BC52CC}.Release|x64.Build.0 = Release|Any CPU
		{EE136E9A-6781-4F27-A41E-793AF0BC52CC}.Release|x86.ActiveCfg = Release|Any CPU
		{EE136E9A-6781-4F27-A41E-793AF0BC52CC}.Release|x86.Build.0 = Release|Any CPU
		{B633979E-B75F-4182-97F6-C2737A27822A}.Debug|Any CPU.ActiveCfg = Debug|Any CPU
		{B633979E-B75F-4182-97F6-C2737A27822A}.Debug|Any CPU.Build.0 = Debug|Any CPU
		{B633979E-B75F-4182-97F6-C2737A27822A}.Debug|x64.ActiveCfg = Debug|Any CPU
		{B633979E-B75F-4182-97F6-C2737A27822A}.Debug|x64.Build.0 = Debug|Any CPU
		{B633979E-B75F-4182-97F6-C2737A27822A}.Debug|x86.ActiveCfg = Debug|Any CPU
		{B633979E-B75F-4182-97F6-C2737A27822A}.Debug|x86.Build.0 = Debug|Any CPU
		{B633979E-B75F-4182-97F6-C2737A27822A}.Release|Any CPU.ActiveCfg = Release|Any CPU
		{B633979E-B75F-4182-97F6-C2737A27822A}.Release|Any CPU.Build.0 = Release|Any CPU
		{B633979E-B75F-4182-97F6-C2737A27822A}.Release|x64.ActiveCfg = Release|Any CPU
		{B633979E-B75F-4182-97F6-C2737A27822A}.Release|x64.Build.0 = Release|Any CPU
		{B633979E-B75F-4182-97F6-C2737A27822A}.Release|x86.ActiveCfg = Release|Any CPU
		{B633979E-B75F-4182-97F6-C2737A27822A}.Release|x86.Build.0 = Release|Any CPU
		{9820E0EF-8841-49B1-8D89-5910C677B4E4}.Debug|Any CPU.ActiveCfg = Debug|Any CPU
		{9820E0EF-8841-49B1-8D89-5910C677B4E4}.Debug|Any CPU.Build.0 = Debug|Any CPU
		{9820E0EF-8841-49B1-8D89-5910C677B4E4}.Debug|x64.ActiveCfg = Debug|Any CPU
		{9820E0EF-8841-49B1-8D89-5910C677B4E4}.Debug|x64.Build.0 = Debug|Any CPU
		{9820E0EF-8841-49B1-8D89-5910C677B4E4}.Debug|x86.ActiveCfg = Debug|Any CPU
		{9820E0EF-8841-49B1-8D89-5910C677B4E4}.Debug|x86.Build.0 = Debug|Any CPU
		{9820E0EF-8841-49B1-8D89-5910C677B4E4}.Release|Any CPU.ActiveCfg = Release|Any CPU
		{9820E0EF-8841-49B1-8D89-5910C677B4E4}.Release|Any CPU.Build.0 = Release|Any CPU
		{9820E0EF-8841-49B1-8D89-5910C677B4E4}.Release|x64.ActiveCfg = Release|Any CPU
		{9820E0EF-8841-49B1-8D89-5910C677B4E4}.Release|x64.Build.0 = Release|Any CPU
		{9820E0EF-8841-49B1-8D89-5910C677B4E4}.Release|x86.ActiveCfg = Release|Any CPU
		{9820E0EF-8841-49B1-8D89-5910C677B4E4}.Release|x86.Build.0 = Release|Any CPU
	EndGlobalSection
	GlobalSection(SolutionProperties) = preSolution
		HideSolutionNode = FALSE
	EndGlobalSection
	GlobalSection(NestedProjects) = preSolution
		{F3408FC4-7104-4639-B603-93E2B21164C9} = {1AE8ACA6-933B-BF2A-3671-3E2EAC007D16}
		{EE136E9A-6781-4F27-A41E-793AF0BC52CC} = {1AE8ACA6-933B-BF2A-3671-3E2EAC007D16}
		{B633979E-B75F-4182-97F6-C2737A27822A} = {1AE8ACA6-933B-BF2A-3671-3E2EAC007D16}
		{9820E0EF-8841-49B1-8D89-5910C677B4E4} = {1AE8ACA6-933B-BF2A-3671-3E2EAC007D16}
	EndGlobalSection
EndGlobal
